// !$*UTF8*$!
{
	archiveVersion = 1;
	classes = {
	};
	objectVersion = 55;
	objects = {

/* Begin PBXBuildFile section */
		004C53C32979D96900E89ECF /* AppDelegate.swift in Sources */ = {isa = PBXBuildFile; fileRef = 004C53C22979D96900E89ECF /* AppDelegate.swift */; };
		004C53C52979D96900E89ECF /* SceneDelegate.swift in Sources */ = {isa = PBXBuildFile; fileRef = 004C53C42979D96900E89ECF /* SceneDelegate.swift */; };
		004C53C72979D96900E89ECF /* ViewController.swift in Sources */ = {isa = PBXBuildFile; fileRef = 004C53C62979D96900E89ECF /* ViewController.swift */; };
		004C53CA2979D96900E89ECF /* Main.storyboard in Resources */ = {isa = PBXBuildFile; fileRef = 004C53C82979D96900E89ECF /* Main.storyboard */; };
		004C53CC2979D96A00E89ECF /* Assets.xcassets in Resources */ = {isa = PBXBuildFile; fileRef = 004C53CB2979D96A00E89ECF /* Assets.xcassets */; };
		004C53CF2979D96A00E89ECF /* LaunchScreen.storyboard in Resources */ = {isa = PBXBuildFile; fileRef = 004C53CD2979D96A00E89ECF /* LaunchScreen.storyboard */; };
		004C53DA2979D96A00E89ECF /* StudyamoTests.swift in Sources */ = {isa = PBXBuildFile; fileRef = 004C53D92979D96A00E89ECF /* StudyamoTests.swift */; };
		004C53E42979D96A00E89ECF /* StudyamoUITests.swift in Sources */ = {isa = PBXBuildFile; fileRef = 004C53E32979D96A00E89ECF /* StudyamoUITests.swift */; };
		004C53E62979D96A00E89ECF /* StudyamoUITestsLaunchTests.swift in Sources */ = {isa = PBXBuildFile; fileRef = 004C53E52979D96A00E89ECF /* StudyamoUITestsLaunchTests.swift */; };
/* End PBXBuildFile section */

/* Begin PBXContainerItemProxy section */
		004C53D62979D96A00E89ECF /* PBXContainerItemProxy */ = {
			isa = PBXContainerItemProxy;
			containerPortal = 004C53B72979D96900E89ECF /* Project object */;
			proxyType = 1;
			remoteGlobalIDString = 004C53BE2979D96900E89ECF;
			remoteInfo = Studyamo;
		};
		004C53E02979D96A00E89ECF /* PBXContainerItemProxy */ = {
			isa = PBXContainerItemProxy;
			containerPortal = 004C53B72979D96900E89ECF /* Project object */;
			proxyType = 1;
			remoteGlobalIDString = 004C53BE2979D96900E89ECF;
			remoteInfo = Studyamo;
		};
/* End PBXContainerItemProxy section */

/* Begin PBXFileReference section */
		004C53BF2979D96900E89ECF /* Studyamo.app */ = {isa = PBXFileReference; explicitFileType = wrapper.application; includeInIndex = 0; path = Studyamo.app; sourceTree = BUILT_PRODUCTS_DIR; };
		004C53C22979D96900E89ECF /* AppDelegate.swift */ = {isa = PBXFileReference; lastKnownFileType = sourcecode.swift; path = AppDelegate.swift; sourceTree = "<group>"; };
		004C53C42979D96900E89ECF /* SceneDelegate.swift */ = {isa = PBXFileReference; lastKnownFileType = sourcecode.swift; path = SceneDelegate.swift; sourceTree = "<group>"; };
		004C53C62979D96900E89ECF /* ViewController.swift */ = {isa = PBXFileReference; lastKnownFileType = sourcecode.swift; path = ViewController.swift; sourceTree = "<group>"; };
		004C53C92979D96900E89ECF /* Base */ = {isa = PBXFileReference; lastKnownFileType = file.storyboard; name = Base; path = Base.lproj/Main.storyboard; sourceTree = "<group>"; };
		004C53CB2979D96A00E89ECF /* Assets.xcassets */ = {isa = PBXFileReference; lastKnownFileType = folder.assetcatalog; path = Assets.xcassets; sourceTree = "<group>"; };
		004C53CE2979D96A00E89ECF /* Base */ = {isa = PBXFileReference; lastKnownFileType = file.storyboard; name = Base; path = Base.lproj/LaunchScreen.storyboard; sourceTree = "<group>"; };
		004C53D02979D96A00E89ECF /* Info.plist */ = {isa = PBXFileReference; lastKnownFileType = text.plist.xml; path = Info.plist; sourceTree = "<group>"; };
		004C53D52979D96A00E89ECF /* StudyamoTests.xctest */ = {isa = PBXFileReference; explicitFileType = wrapper.cfbundle; includeInIndex = 0; path = StudyamoTests.xctest; sourceTree = BUILT_PRODUCTS_DIR; };
		004C53D92979D96A00E89ECF /* StudyamoTests.swift */ = {isa = PBXFileReference; lastKnownFileType = sourcecode.swift; path = StudyamoTests.swift; sourceTree = "<group>"; };
		004C53DF2979D96A00E89ECF /* StudyamoUITests.xctest */ = {isa = PBXFileReference; explicitFileType = wrapper.cfbundle; includeInIndex = 0; path = StudyamoUITests.xctest; sourceTree = BUILT_PRODUCTS_DIR; };
		004C53E32979D96A00E89ECF /* StudyamoUITests.swift */ = {isa = PBXFileReference; lastKnownFileType = sourcecode.swift; path = StudyamoUITests.swift; sourceTree = "<group>"; };
		004C53E52979D96A00E89ECF /* StudyamoUITestsLaunchTests.swift */ = {isa = PBXFileReference; lastKnownFileType = sourcecode.swift; path = StudyamoUITestsLaunchTests.swift; sourceTree = "<group>"; };
/* End PBXFileReference section */

/* Begin PBXFrameworksBuildPhase section */
		004C53BC2979D96900E89ECF /* Frameworks */ = {
			isa = PBXFrameworksBuildPhase;
			buildActionMask = 2147483647;
			files = (
			);
			runOnlyForDeploymentPostprocessing = 0;
		};
		004C53D22979D96A00E89ECF /* Frameworks */ = {
			isa = PBXFrameworksBuildPhase;
			buildActionMask = 2147483647;
			files = (
			);
			runOnlyForDeploymentPostprocessing = 0;
		};
		004C53DC2979D96A00E89ECF /* Frameworks */ = {
			isa = PBXFrameworksBuildPhase;
			buildActionMask = 2147483647;
			files = (
			);
			runOnlyForDeploymentPostprocessing = 0;
		};
/* End PBXFrameworksBuildPhase section */

/* Begin PBXGroup section */
		004C53B62979D96900E89ECF = {
			isa = PBXGroup;
			children = (
				004C53C12979D96900E89ECF /* Studyamo */,
				004C53D82979D96A00E89ECF /* StudyamoTests */,
				004C53E22979D96A00E89ECF /* StudyamoUITests */,
				004C53C02979D96900E89ECF /* Products */,
			);
			sourceTree = "<group>";
		};
		004C53C02979D96900E89ECF /* Products */ = {
			isa = PBXGroup;
			children = (
				004C53BF2979D96900E89ECF /* Studyamo.app */,
				004C53D52979D96A00E89ECF /* StudyamoTests.xctest */,
				004C53DF2979D96A00E89ECF /* StudyamoUITests.xctest */,
			);
			name = Products;
			sourceTree = "<group>";
		};
		004C53C12979D96900E89ECF /* Studyamo */ = {
			isa = PBXGroup;
			children = (
				004C53C22979D96900E89ECF /* AppDelegate.swift */,
				004C53C42979D96900E89ECF /* SceneDelegate.swift */,
				004C53C62979D96900E89ECF /* ViewController.swift */,
				004C53C82979D96900E89ECF /* Main.storyboard */,
				004C53CB2979D96A00E89ECF /* Assets.xcassets */,
				004C53CD2979D96A00E89ECF /* LaunchScreen.storyboard */,
				004C53D02979D96A00E89ECF /* Info.plist */,
			);
			path = Studyamo;
			sourceTree = "<group>";
		};
		004C53D82979D96A00E89ECF /* StudyamoTests */ = {
			isa = PBXGroup;
			children = (
				004C53D92979D96A00E89ECF /* StudyamoTests.swift */,
			);
			path = StudyamoTests;
			sourceTree = "<group>";
		};
		004C53E22979D96A00E89ECF /* StudyamoUITests */ = {
			isa = PBXGroup;
			children = (
				004C53E32979D96A00E89ECF /* StudyamoUITests.swift */,
				004C53E52979D96A00E89ECF /* StudyamoUITestsLaunchTests.swift */,
			);
			path = StudyamoUITests;
			sourceTree = "<group>";
		};
/* End PBXGroup section */

/* Begin PBXNativeTarget section */
		004C53BE2979D96900E89ECF /* Studyamo */ = {
			isa = PBXNativeTarget;
			buildConfigurationList = 004C53E92979D96A00E89ECF /* Build configuration list for PBXNativeTarget "Studyamo" */;
			buildPhases = (
				004C53BB2979D96900E89ECF /* Sources */,
				004C53BC2979D96900E89ECF /* Frameworks */,
				004C53BD2979D96900E89ECF /* Resources */,
			);
			buildRules = (
			);
			dependencies = (
			);
			name = Studyamo;
			productName = Studyamo;
			productReference = 004C53BF2979D96900E89ECF /* Studyamo.app */;
			productType = "com.apple.product-type.application";
		};
		004C53D42979D96A00E89ECF /* StudyamoTests */ = {
			isa = PBXNativeTarget;
			buildConfigurationList = 004C53EC2979D96A00E89ECF /* Build configuration list for PBXNativeTarget "StudyamoTests" */;
			buildPhases = (
				004C53D12979D96A00E89ECF /* Sources */,
				004C53D22979D96A00E89ECF /* Frameworks */,
				004C53D32979D96A00E89ECF /* Resources */,
			);
			buildRules = (
			);
			dependencies = (
				004C53D72979D96A00E89ECF /* PBXTargetDependency */,
			);
			name = StudyamoTests;
			productName = StudyamoTests;
			productReference = 004C53D52979D96A00E89ECF /* StudyamoTests.xctest */;
			productType = "com.apple.product-type.bundle.unit-test";
		};
		004C53DE2979D96A00E89ECF /* StudyamoUITests */ = {
			isa = PBXNativeTarget;
			buildConfigurationList = 004C53EF2979D96A00E89ECF /* Build configuration list for PBXNativeTarget "StudyamoUITests" */;
			buildPhases = (
				004C53DB2979D96A00E89ECF /* Sources */,
				004C53DC2979D96A00E89ECF /* Frameworks */,
				004C53DD2979D96A00E89ECF /* Resources */,
			);
			buildRules = (
			);
			dependencies = (
				004C53E12979D96A00E89ECF /* PBXTargetDependency */,
			);
			name = StudyamoUITests;
			productName = StudyamoUITests;
			productReference = 004C53DF2979D96A00E89ECF /* StudyamoUITests.xctest */;
			productType = "com.apple.product-type.bundle.ui-testing";
		};
/* End PBXNativeTarget section */

/* Begin PBXProject section */
		004C53B72979D96900E89ECF /* Project object */ = {
			isa = PBXProject;
			attributes = {
				BuildIndependentTargetsInParallel = 1;
				LastSwiftUpdateCheck = 1330;
				LastUpgradeCheck = 1330;
				TargetAttributes = {
					004C53BE2979D96900E89ECF = {
						CreatedOnToolsVersion = 13.3.1;
					};
					004C53D42979D96A00E89ECF = {
						CreatedOnToolsVersion = 13.3.1;
						TestTargetID = 004C53BE2979D96900E89ECF;
					};
					004C53DE2979D96A00E89ECF = {
						CreatedOnToolsVersion = 13.3.1;
						TestTargetID = 004C53BE2979D96900E89ECF;
					};
				};
			};
			buildConfigurationList = 004C53BA2979D96900E89ECF /* Build configuration list for PBXProject "Studyamo" */;
			compatibilityVersion = "Xcode 13.0";
			developmentRegion = en;
			hasScannedForEncodings = 0;
			knownRegions = (
				en,
				Base,
			);
			mainGroup = 004C53B62979D96900E89ECF;
			productRefGroup = 004C53C02979D96900E89ECF /* Products */;
			projectDirPath = "";
			projectRoot = "";
			targets = (
				004C53BE2979D96900E89ECF /* Studyamo */,
				004C53D42979D96A00E89ECF /* StudyamoTests */,
				004C53DE2979D96A00E89ECF /* StudyamoUITests */,
			);
		};
/* End PBXProject section */

/* Begin PBXResourcesBuildPhase section */
		004C53BD2979D96900E89ECF /* Resources */ = {
			isa = PBXResourcesBuildPhase;
			buildActionMask = 2147483647;
			files = (
				004C53CF2979D96A00E89ECF /* LaunchScreen.storyboard in Resources */,
				004C53CC2979D96A00E89ECF /* Assets.xcassets in Resources */,
				004C53CA2979D96900E89ECF /* Main.storyboard in Resources */,
			);
			runOnlyForDeploymentPostprocessing = 0;
		};
		004C53D32979D96A00E89ECF /* Resources */ = {
			isa = PBXResourcesBuildPhase;
			buildActionMask = 2147483647;
			files = (
			);
			runOnlyForDeploymentPostprocessing = 0;
		};
		004C53DD2979D96A00E89ECF /* Resources */ = {
			isa = PBXResourcesBuildPhase;
			buildActionMask = 2147483647;
			files = (
			);
			runOnlyForDeploymentPostprocessing = 0;
		};
/* End PBXResourcesBuildPhase section */

/* Begin PBXSourcesBuildPhase section */
		004C53BB2979D96900E89ECF /* Sources */ = {
			isa = PBXSourcesBuildPhase;
			buildActionMask = 2147483647;
			files = (
				004C53C72979D96900E89ECF /* ViewController.swift in Sources */,
				004C53C32979D96900E89ECF /* AppDelegate.swift in Sources */,
				004C53C52979D96900E89ECF /* SceneDelegate.swift in Sources */,
			);
			runOnlyForDeploymentPostprocessing = 0;
		};
		004C53D12979D96A00E89ECF /* Sources */ = {
			isa = PBXSourcesBuildPhase;
			buildActionMask = 2147483647;
			files = (
				004C53DA2979D96A00E89ECF /* StudyamoTests.swift in Sources */,
			);
			runOnlyForDeploymentPostprocessing = 0;
		};
		004C53DB2979D96A00E89ECF /* Sources */ = {
			isa = PBXSourcesBuildPhase;
			buildActionMask = 2147483647;
			files = (
				004C53E62979D96A00E89ECF /* StudyamoUITestsLaunchTests.swift in Sources */,
				004C53E42979D96A00E89ECF /* StudyamoUITests.swift in Sources */,
			);
			runOnlyForDeploymentPostprocessing = 0;
		};
/* End PBXSourcesBuildPhase section */

/* Begin PBXTargetDependency section */
		004C53D72979D96A00E89ECF /* PBXTargetDependency */ = {
			isa = PBXTargetDependency;
			target = 004C53BE2979D96900E89ECF /* Studyamo */;
			targetProxy = 004C53D62979D96A00E89ECF /* PBXContainerItemProxy */;
		};
		004C53E12979D96A00E89ECF /* PBXTargetDependency */ = {
			isa = PBXTargetDependency;
			target = 004C53BE2979D96900E89ECF /* Studyamo */;
			targetProxy = 004C53E02979D96A00E89ECF /* PBXContainerItemProxy */;
		};
/* End PBXTargetDependency section */

/* Begin PBXVariantGroup section */
		004C53C82979D96900E89ECF /* Main.storyboard */ = {
			isa = PBXVariantGroup;
			children = (
				004C53C92979D96900E89ECF /* Base */,
			);
			name = Main.storyboard;
			sourceTree = "<group>";
		};
		004C53CD2979D96A00E89ECF /* LaunchScreen.storyboard */ = {
			isa = PBXVariantGroup;
			children = (
				004C53CE2979D96A00E89ECF /* Base */,
			);
			name = LaunchScreen.storyboard;
			sourceTree = "<group>";
		};
/* End PBXVariantGroup section */

/* Begin XCBuildConfiguration section */
		004C53E72979D96A00E89ECF /* Debug */ = {
			isa = XCBuildConfiguration;
			buildSettings = {
				ALWAYS_SEARCH_USER_PATHS = NO;
				CLANG_ANALYZER_NONNULL = YES;
				CLANG_ANALYZER_NUMBER_OBJECT_CONVERSION = YES_AGGRESSIVE;
				CLANG_CXX_LANGUAGE_STANDARD = "gnu++17";
				CLANG_ENABLE_MODULES = YES;
				CLANG_ENABLE_OBJC_ARC = YES;
				CLANG_ENABLE_OBJC_WEAK = YES;
				CLANG_WARN_BLOCK_CAPTURE_AUTORELEASING = YES;
				CLANG_WARN_BOOL_CONVERSION = YES;
				CLANG_WARN_COMMA = YES;
				CLANG_WARN_CONSTANT_CONVERSION = YES;
				CLANG_WARN_DEPRECATED_OBJC_IMPLEMENTATIONS = YES;
				CLANG_WARN_DIRECT_OBJC_ISA_USAGE = YES_ERROR;
				CLANG_WARN_DOCUMENTATION_COMMENTS = YES;
				CLANG_WARN_EMPTY_BODY = YES;
				CLANG_WARN_ENUM_CONVERSION = YES;
				CLANG_WARN_INFINITE_RECURSION = YES;
				CLANG_WARN_INT_CONVERSION = YES;
				CLANG_WARN_NON_LITERAL_NULL_CONVERSION = YES;
				CLANG_WARN_OBJC_IMPLICIT_RETAIN_SELF = YES;
				CLANG_WARN_OBJC_LITERAL_CONVERSION = YES;
				CLANG_WARN_OBJC_ROOT_CLASS = YES_ERROR;
				CLANG_WARN_QUOTED_INCLUDE_IN_FRAMEWORK_HEADER = YES;
				CLANG_WARN_RANGE_LOOP_ANALYSIS = YES;
				CLANG_WARN_STRICT_PROTOTYPES = YES;
				CLANG_WARN_SUSPICIOUS_MOVE = YES;
				CLANG_WARN_UNGUARDED_AVAILABILITY = YES_AGGRESSIVE;
				CLANG_WARN_UNREACHABLE_CODE = YES;
				CLANG_WARN__DUPLICATE_METHOD_MATCH = YES;
				COPY_PHASE_STRIP = NO;
				DEBUG_INFORMATION_FORMAT = dwarf;
				ENABLE_STRICT_OBJC_MSGSEND = YES;
				ENABLE_TESTABILITY = YES;
				GCC_C_LANGUAGE_STANDARD = gnu11;
				GCC_DYNAMIC_NO_PIC = NO;
				GCC_NO_COMMON_BLOCKS = YES;
				GCC_OPTIMIZATION_LEVEL = 0;
				GCC_PREPROCESSOR_DEFINITIONS = (
					"DEBUG=1",
					"$(inherited)",
				);
				GCC_WARN_64_TO_32_BIT_CONVERSION = YES;
				GCC_WARN_ABOUT_RETURN_TYPE = YES_ERROR;
				GCC_WARN_UNDECLARED_SELECTOR = YES;
				GCC_WARN_UNINITIALIZED_AUTOS = YES_AGGRESSIVE;
				GCC_WARN_UNUSED_FUNCTION = YES;
				GCC_WARN_UNUSED_VARIABLE = YES;
				IPHONEOS_DEPLOYMENT_TARGET = 15.4;
				MTL_ENABLE_DEBUG_INFO = INCLUDE_SOURCE;
				MTL_FAST_MATH = YES;
				ONLY_ACTIVE_ARCH = YES;
				SDKROOT = iphoneos;
				SWIFT_ACTIVE_COMPILATION_CONDITIONS = DEBUG;
				SWIFT_OPTIMIZATION_LEVEL = "-Onone";
			};
			name = Debug;
		};
		004C53E82979D96A00E89ECF /* Release */ = {
			isa = XCBuildConfiguration;
			buildSettings = {
				ALWAYS_SEARCH_USER_PATHS = NO;
				CLANG_ANALYZER_NONNULL = YES;
				CLANG_ANALYZER_NUMBER_OBJECT_CONVERSION = YES_AGGRESSIVE;
				CLANG_CXX_LANGUAGE_STANDARD = "gnu++17";
				CLANG_ENABLE_MODULES = YES;
				CLANG_ENABLE_OBJC_ARC = YES;
				CLANG_ENABLE_OBJC_WEAK = YES;
				CLANG_WARN_BLOCK_CAPTURE_AUTORELEASING = YES;
				CLANG_WARN_BOOL_CONVERSION = YES;
				CLANG_WARN_COMMA = YES;
				CLANG_WARN_CONSTANT_CONVERSION = YES;
				CLANG_WARN_DEPRECATED_OBJC_IMPLEMENTATIONS = YES;
				CLANG_WARN_DIRECT_OBJC_ISA_USAGE = YES_ERROR;
				CLANG_WARN_DOCUMENTATION_COMMENTS = YES;
				CLANG_WARN_EMPTY_BODY = YES;
				CLANG_WARN_ENUM_CONVERSION = YES;
				CLANG_WARN_INFINITE_RECURSION = YES;
				CLANG_WARN_INT_CONVERSION = YES;
				CLANG_WARN_NON_LITERAL_NULL_CONVERSION = YES;
				CLANG_WARN_OBJC_IMPLICIT_RETAIN_SELF = YES;
				CLANG_WARN_OBJC_LITERAL_CONVERSION = YES;
				CLANG_WARN_OBJC_ROOT_CLASS = YES_ERROR;
				CLANG_WARN_QUOTED_INCLUDE_IN_FRAMEWORK_HEADER = YES;
				CLANG_WARN_RANGE_LOOP_ANALYSIS = YES;
				CLANG_WARN_STRICT_PROTOTYPES = YES;
				CLANG_WARN_SUSPICIOUS_MOVE = YES;
				CLANG_WARN_UNGUARDED_AVAILABILITY = YES_AGGRESSIVE;
				CLANG_WARN_UNREACHABLE_CODE = YES;
				CLANG_WARN__DUPLICATE_METHOD_MATCH = YES;
				COPY_PHASE_STRIP = NO;
				DEBUG_INFORMATION_FORMAT = "dwarf-with-dsym";
				ENABLE_NS_ASSERTIONS = NO;
				ENABLE_STRICT_OBJC_MSGSEND = YES;
				GCC_C_LANGUAGE_STANDARD = gnu11;
				GCC_NO_COMMON_BLOCKS = YES;
				GCC_WARN_64_TO_32_BIT_CONVERSION = YES;
				GCC_WARN_ABOUT_RETURN_TYPE = YES_ERROR;
				GCC_WARN_UNDECLARED_SELECTOR = YES;
				GCC_WARN_UNINITIALIZED_AUTOS = YES_AGGRESSIVE;
				GCC_WARN_UNUSED_FUNCTION = YES;
				GCC_WARN_UNUSED_VARIABLE = YES;
				IPHONEOS_DEPLOYMENT_TARGET = 15.4;
				MTL_ENABLE_DEBUG_INFO = NO;
				MTL_FAST_MATH = YES;
				SDKROOT = iphoneos;
				SWIFT_COMPILATION_MODE = wholemodule;
				SWIFT_OPTIMIZATION_LEVEL = "-O";
				VALIDATE_PRODUCT = YES;
			};
			name = Release;
		};
		004C53EA2979D96A00E89ECF /* Debug */ = {
			isa = XCBuildConfiguration;
			buildSettings = {
				ASSETCATALOG_COMPILER_APPICON_NAME = AppIcon;
				ASSETCATALOG_COMPILER_GLOBAL_ACCENT_COLOR_NAME = AccentColor;
				CODE_SIGN_STYLE = Automatic;
				CURRENT_PROJECT_VERSION = 1;
				DEVELOPMENT_TEAM = L7JM2A3D46;
				GENERATE_INFOPLIST_FILE = YES;
				INFOPLIST_FILE = Studyamo/Info.plist;
				INFOPLIST_KEY_UIApplicationSupportsIndirectInputEvents = YES;
				INFOPLIST_KEY_UILaunchStoryboardName = LaunchScreen;
				INFOPLIST_KEY_UIMainStoryboardFile = Main;
				INFOPLIST_KEY_UISupportedInterfaceOrientations_iPad = "UIInterfaceOrientationPortrait UIInterfaceOrientationPortraitUpsideDown UIInterfaceOrientationLandscapeLeft UIInterfaceOrientationLandscapeRight";
				INFOPLIST_KEY_UISupportedInterfaceOrientations_iPhone = "UIInterfaceOrientationPortrait UIInterfaceOrientationLandscapeLeft UIInterfaceOrientationLandscapeRight";
				LD_RUNPATH_SEARCH_PATHS = (
					"$(inherited)",
					"@executable_path/Frameworks",
				);
				MARKETING_VERSION = 1.0;
				PRODUCT_BUNDLE_IDENTIFIER = emir.Studyamo;
				PRODUCT_NAME = "$(TARGET_NAME)";
				SWIFT_EMIT_LOC_STRINGS = YES;
				SWIFT_VERSION = 5.0;
				TARGETED_DEVICE_FAMILY = "1,2";
			};
			name = Debug;
		};
		004C53EB2979D96A00E89ECF /* Release */ = {
			isa = XCBuildConfiguration;
			buildSettings = {
				ASSETCATALOG_COMPILER_APPICON_NAME = AppIcon;
				ASSETCATALOG_COMPILER_GLOBAL_ACCENT_COLOR_NAME = AccentColor;
				CODE_SIGN_STYLE = Automatic;
				CURRENT_PROJECT_VERSION = 1;
				DEVELOPMENT_TEAM = L7JM2A3D46;
				GENERATE_INFOPLIST_FILE = YES;
				INFOPLIST_FILE = Studyamo/Info.plist;
				INFOPLIST_KEY_UIApplicationSupportsIndirectInputEvents = YES;
				INFOPLIST_KEY_UILaunchStoryboardName = LaunchScreen;
				INFOPLIST_KEY_UIMainStoryboardFile = Main;
				INFOPLIST_KEY_UISupportedInterfaceOrientations_iPad = "UIInterfaceOrientationPortrait UIInterfaceOrientationPortraitUpsideDown UIInterfaceOrientationLandscapeLeft UIInterfaceOrientationLandscapeRight";
				INFOPLIST_KEY_UISupportedInterfaceOrientations_iPhone = "UIInterfaceOrientationPortrait UIInterfaceOrientationLandscapeLeft UIInterfaceOrientationLandscapeRight";
				LD_RUNPATH_SEARCH_PATHS = (
					"$(inherited)",
					"@executable_path/Frameworks",
				);
				MARKETING_VERSION = 1.0;
				PRODUCT_BUNDLE_IDENTIFIER = emir.Studyamo;
				PRODUCT_NAME = "$(TARGET_NAME)";
				SWIFT_EMIT_LOC_STRINGS = YES;
				SWIFT_VERSION = 5.0;
				TARGETED_DEVICE_FAMILY = "1,2";
			};
			name = Release;
		};
		004C53ED2979D96A00E89ECF /* Debug */ = {
			isa = XCBuildConfiguration;
			buildSettings = {
				ALWAYS_EMBED_SWIFT_STANDARD_LIBRARIES = YES;
				BUNDLE_LOADER = "$(TEST_HOST)";
				CODE_SIGN_STYLE = Automatic;
				CURRENT_PROJECT_VERSION = 1;
				DEVELOPMENT_TEAM = L7JM2A3D46;
				GENERATE_INFOPLIST_FILE = YES;
				IPHONEOS_DEPLOYMENT_TARGET = 15.4;
				MARKETING_VERSION = 1.0;
				PRODUCT_BUNDLE_IDENTIFIER = emir.StudyamoTests;
				PRODUCT_NAME = "$(TARGET_NAME)";
				SWIFT_EMIT_LOC_STRINGS = NO;
				SWIFT_VERSION = 5.0;
				TARGETED_DEVICE_FAMILY = "1,2";
				TEST_HOST = "$(BUILT_PRODUCTS_DIR)/Studyamo.app/Studyamo";
			};
			name = Debug;
		};
		004C53EE2979D96A00E89ECF /* Release */ = {
			isa = XCBuildConfiguration;
			buildSettings = {
				ALWAYS_EMBED_SWIFT_STANDARD_LIBRARIES = YES;
				BUNDLE_LOADER = "$(TEST_HOST)";
				CODE_SIGN_STYLE = Automatic;
				CURRENT_PROJECT_VERSION = 1;
				DEVELOPMENT_TEAM = L7JM2A3D46;
				GENERATE_INFOPLIST_FILE = YES;
				IPHONEOS_DEPLOYMENT_TARGET = 15.4;
				MARKETING_VERSION = 1.0;
				PRODUCT_BUNDLE_IDENTIFIER = emir.StudyamoTests;
				PRODUCT_NAME = "$(TARGET_NAME)";
				SWIFT_EMIT_LOC_STRINGS = NO;
				SWIFT_VERSION = 5.0;
				TARGETED_DEVICE_FAMILY = "1,2";
				TEST_HOST = "$(BUILT_PRODUCTS_DIR)/Studyamo.app/Studyamo";
			};
			name = Release;
		};
		004C53F02979D96A00E89ECF /* Debug */ = {
			isa = XCBuildConfiguration;
			buildSettings = {
				ALWAYS_EMBED_SWIFT_STANDARD_LIBRARIES = YES;
				CODE_SIGN_STYLE = Automatic;
				CURRENT_PROJECT_VERSION = 1;
				DEVELOPMENT_TEAM = L7JM2A3D46;
				GENERATE_INFOPLIST_FILE = YES;
				MARKETING_VERSION = 1.0;
				PRODUCT_BUNDLE_IDENTIFIER = emir.StudyamoUITests;
				PRODUCT_NAME = "$(TARGET_NAME)";
				SWIFT_EMIT_LOC_STRINGS = NO;
				SWIFT_VERSION = 5.0;
				TARGETED_DEVICE_FAMILY = "1,2";
				TEST_TARGET_NAME = Studyamo;
			};
			name = Debug;
		};
		004C53F12979D96A00E89ECF /* Release */ = {
			isa = XCBuildConfiguration;
			buildSettings = {
				ALWAYS_EMBED_SWIFT_STANDARD_LIBRARIES = YES;
				CODE_SIGN_STYLE = Automatic;
				CURRENT_PROJECT_VERSION = 1;
				DEVELOPMENT_TEAM = L7JM2A3D46;
				GENERATE_INFOPLIST_FILE = YES;
				MARKETING_VERSION = 1.0;
				PRODUCT_BUNDLE_IDENTIFIER = emir.StudyamoUITests;
				PRODUCT_NAME = "$(TARGET_NAME)";
				SWIFT_EMIT_LOC_STRINGS = NO;
				SWIFT_VERSION = 5.0;
				TARGETED_DEVICE_FAMILY = "1,2";
				TEST_TARGET_NAME = Studyamo;
			};
			name = Release;
		};
/* End XCBuildConfiguration section */

/* Begin XCConfigurationList section */
		004C53BA2979D96900E89ECF /* Build configuration list for PBXProject "Studyamo" */ = {
			isa = XCConfigurationList;
			buildConfigurations = (
				004C53E72979D96A00E89ECF /* Debug */,
				004C53E82979D96A00E89ECF /* Release */,
			);
			defaultConfigurationIsVisible = 0;
			defaultConfigurationName = Release;
		};
		004C53E92979D96A00E89ECF /* Build configuration list for PBXNativeTarget "Studyamo" */ = {
			isa = XCConfigurationList;
			buildConfigurations = (
				004C53EA2979D96A00E89ECF /* Debug */,
				004C53EB2979D96A00E89ECF /* Release */,
			);
			defaultConfigurationIsVisible = 0;
			defaultConfigurationName = Release;
		};
		004C53EC2979D96A00E89ECF /* Build configuration list for PBXNativeTarget "StudyamoTests" */ = {
			isa = XCConfigurationList;
			buildConfigurations = (
				004C53ED2979D96A00E89ECF /* Debug */,
				004C53EE2979D96A00E89ECF /* Release */,
			);
			defaultConfigurationIsVisible = 0;
			defaultConfigurationName = Release;
		};
		004C53EF2979D96A00E89ECF /* Build configuration list for PBXNativeTarget "StudyamoUITests" */ = {
			isa = XCConfigurationList;
			buildConfigurations = (
				004C53F02979D96A00E89ECF /* Debug */,
				004C53F12979D96A00E89ECF /* Release */,
			);
			defaultConfigurationIsVisible = 0;
			defaultConfigurationName = Release;
		};
/* End XCConfigurationList section */
	};
	rootObject = 004C53B72979D96900E89ECF /* Project object */;
}
